
Microsoft Visual Studio Solution File, Format Version 12.00
# Visual Studio Version 17
VisualStudioVersion = 17.10.34916.146
MinimumVisualStudioVersion = 10.0.40219.1
Project("{FAE04EC0-301F-11D3-BF4B-00C04F79EFBC}") = "BlumClickWinForm", "BlumClickWinForm.csproj", "{9E6C33B3-CCE8-4283-A7D8-27F7D8318BFB}"
EndProject
Global
	GlobalSection(SolutionConfigurationPlatforms) = preSolution
		Debug|Any CPU = Debug|Any CPU
		Release|Any CPU = Release|Any CPU
	EndGlobalSection
	GlobalSection(ProjectConfigurationPlatforms) = postSolution
		{9E6C33B3-CCE8-4283-A7D8-27F7D8318BFB}.Debug|Any CPU.ActiveCfg = Debug|Any CPU
		{9E6C33B3-CCE8-4283-A7D8-27F7D8318BFB}.Debug|Any CPU.Build.0 = Debug|Any CPU
		{9E6C33B3-CCE8-4283-A7D8-27F7D8318BFB}.Release|Any CPU.ActiveCfg = Release|Any CPU
		{9E6C33B3-CCE8-4283-A7D8-27F7D8318BFB}.Release|Any CPU.Build.0 = Release|Any CPU
	EndGlobalSection
	GlobalSection(SolutionProperties) = preSolution
		HideSolutionNode = FALSE
	EndGlobalSection
	GlobalSection(ExtensibilityGlobals) = postSolution
		SolutionGuid = {92AEE212-F584-4A3D-88D9-72D68D1B109C}
	EndGlobalSection
EndGlobal
